
Microsoft Visual Studio Solution File, Format Version 12.00
# Visual Studio Version 17
VisualStudioVersion = 17.14.36717.8
MinimumVisualStudioVersion = 10.0.40219.1
Project("{8BC9CEB8-8B4A-11D0-8D11-00A0C91BC942}") = "HomeWork1", "HomeWork1\HomeWork1.vcxproj", "{1D8450C2-7B7A-4F7E-BD6F-FC5B1DCA9971}"
EndProject
Project("{8BC9CEB8-8B4A-11D0-8D11-00A0C91BC942}") = "HomeWork2", "HomeWork2\HomeWork2.vcxproj", "{837CA67D-7304-4D25-8DDC-46B15DB3A898}"
EndProject
Project("{8BC9CEB8-8B4A-11D0-8D11-00A0C91BC942}") = "HomeWork3", "HomeWork3\HomeWork3.vcxproj", "{7F829065-221F-4354-82A0-CC3A859139EE}"
EndProject
Project("{8BC9CEB8-8B4A-11D0-8D11-00A0C91BC942}") = "HomeWork4", "HomeWork4\HomeWork4.vcxproj", "{D85B2C33-BF5B-4F44-98F9-BEFBAEA309BF}"
EndProject
Project("{8BC9CEB8-8B4A-11D0-8D11-00A0C91BC942}") = "HomeWork5", "HomeWork5\HomeWork5.vcxproj", "{7B18209E-DC67-4963-A168-BF31F9099539}"
EndProject
Project("{8BC9CEB8-8B4A-11D0-8D11-00A0C91BC942}") = "HomeWork6", "HomeWork6\HomeWork6.vcxproj", "{94A30EBF-12F4-46DC-B005-4AD1B88A506A}"
EndProject
Global
	GlobalSection(SolutionConfigurationPlatforms) = preSolution
		Debug|x64 = Debug|x64
		Debug|x86 = Debug|x86
		Release|x64 = Release|x64
		Release|x86 = Release|x86
	EndGlobalSection
	GlobalSection(ProjectConfigurationPlatforms) = postSolution
		{1D8450C2-7B7A-4F7E-BD6F-FC5B1DCA9971}.Debug|x64.ActiveCfg = Debug|x64
		{1D8450C2-7B7A-4F7E-BD6F-FC5B1DCA9971}.Debug|x64.Build.0 = Debug|x64
		{1D8450C2-7B7A-4F7E-BD6F-FC5B1DCA9971}.Debug|x86.ActiveCfg = Debug|Win32
		{1D8450C2-7B7A-4F7E-BD6F-FC5B1DCA9971}.Debug|x86.Build.0 = Debug|Win32
		{1D8450C2-7B7A-4F7E-BD6F-FC5B1DCA9971}.Release|x64.ActiveCfg = Release|x64
		{1D8450C2-7B7A-4F7E-BD6F-FC5B1DCA9971}.Release|x64.Build.0 = Release|x64
		{1D8450C2-7B7A-4F7E-BD6F-FC5B1DCA9971}.Release|x86.ActiveCfg = Release|Win32
		{1D8450C2-7B7A-4F7E-BD6F-FC5B1DCA9971}.Release|x86.Build.0 = Release|Win32
		{837CA67D-7304-4D25-8DDC-46B15DB3A898}.Debug|x64.ActiveCfg = Debug|x64
		{837CA67D-7304-4D25-8DDC-46B15DB3A898}.Debug|x64.Build.0 = Debug|x64
		{837CA67D-7304-4D25-8DDC-46B15DB3A898}.Debug|x86.ActiveCfg = Debug|Win32
		{837CA67D-7304-4D25-8DDC-46B15DB3A898}.Debug|x86.Build.0 = Debug|Win32
		{837CA67D-7304-4D25-8DDC-46B15DB3A898}.Release|x64.ActiveCfg = Release|x64
		{837CA67D-7304-4D25-8DDC-46B15DB3A898}.Release|x64.Build.0 = Release|x64
		{837CA67D-7304-4D25-8DDC-46B15DB3A898}.Release|x86.ActiveCfg = Release|Win32
		{837CA67D-7304-4D25-8DDC-46B15DB3A898}.Release|x86.Build.0 = Release|Win32
		{7F829065-221F-4354-82A0-CC3A859139EE}.Debug|x64.ActiveCfg = Debug|x64
		{7F829065-221F-4354-82A0-CC3A859139EE}.Debug|x64.Build.0 = Debug|x64
		{7F829065-221F-4354-82A0-CC3A859139EE}.Debug|x86.ActiveCfg = Debug|Win32
		{7F829065-221F-4354-82A0-CC3A859139EE}.Debug|x86.Build.0 = Debug|Win32
		{7F829065-221F-4354-82A0-CC3A859139EE}.Release|x64.ActiveCfg = Release|x64
		{7F829065-221F-4354-82A0-CC3A859139EE}.Release|x64.Build.0 = Release|x64
		{7F829065-221F-4354-82A0-CC3A859139EE}.Release|x86.ActiveCfg = Release|Win32
		{7F829065-221F-4354-82A0-CC3A859139EE}.Release|x86.Build.0 = Release|Win32
		{D85B2C33-BF5B-4F44-98F9-BEFBAEA309BF}.Debug|x64.ActiveCfg = Debug|x64
		{D85B2C33-BF5B-4F44-98F9-BEFBAEA309BF}.Debug|x64.Build.0 = Debug|x64
		{D85B2C33-BF5B-4F44-98F9-BEFBAEA309BF}.Debug|x86.ActiveCfg = Debug|Win32
		{D85B2C33-BF5B-4F44-98F9-BEFBAEA309BF}.Debug|x86.Build.0 = Debug|Win32
		{D85B2C33-BF5B-4F44-98F9-BEFBAEA309BF}.Release|x64.ActiveCfg = Release|x64
		{D85B2C33-BF5B-4F44-98F9-BEFBAEA309BF}.Release|x64.Build.0 = Release|x64
		{D85B2C33-BF5B-4F44-98F9-BEFBAEA309BF}.Release|x86.ActiveCfg = Release|Win32
		{D85B2C33-BF5B-4F44-98F9-BEFBAEA309BF}.Release|x86.Build.0 = Release|Win32
		{7B18209E-DC67-4963-A168-BF31F9099539}.Debug|x64.ActiveCfg = Debug|x64
		{7B18209E-DC67-4963-A168-BF31F9099539}.Debug|x64.Build.0 = Debug|x64
		{7B18209E-DC67-4963-A168-BF31F9099539}.Debug|x86.ActiveCfg = Debug|Win32
		{7B18209E-DC67-4963-A168-BF31F9099539}.Debug|x86.Build.0 = Debug|Win32
		{7B18209E-DC67-4963-A168-BF31F9099539}.Release|x64.ActiveCfg = Release|x64
		{7B18209E-DC67-4963-A168-BF31F9099539}.Release|x64.Build.0 = Release|x64
		{7B18209E-DC67-4963-A168-BF31F9099539}.Release|x86.ActiveCfg = Release|Win32
		{7B18209E-DC67-4963-A168-BF31F9099539}.Release|x86.Build.0 = Release|Win32
		{94A30EBF-12F4-46DC-B005-4AD1B88A506A}.Debug|x64.ActiveCfg = Debug|x64
		{94A30EBF-12F4-46DC-B005-4AD1B88A506A}.Debug|x64.Build.0 = Debug|x64
		{94A30EBF-12F4-46DC-B005-4AD1B88A506A}.Debug|x86.ActiveCfg = Debug|Win32
		{94A30EBF-12F4-46DC-B005-4AD1B88A506A}.Debug|x86.Build.0 = Debug|Win32
		{94A30EBF-12F4-46DC-B005-4AD1B88A506A}.Release|x64.ActiveCfg = Release|x64
		{94A30EBF-12F4-46DC-B005-4AD1B88A506A}.Release|x64.Build.0 = Release|x64
		{94A30EBF-12F4-46DC-B005-4AD1B88A506A}.Release|x86.ActiveCfg = Release|Win32
		{94A30EBF-12F4-46DC-B005-4AD1B88A506A}.Release|x86.Build.0 = Release|Win32
	EndGlobalSection
	GlobalSection(SolutionProperties) = preSolution
		HideSolutionNode = FALSE
	EndGlobalSection
	GlobalSection(ExtensibilityGlobals) = postSolution
		SolutionGuid = {908124BF-64B9-457F-AB78-EB55E3E83312}
	EndGlobalSection
EndGlobal
