
Microsoft Visual Studio Solution File, Format Version 12.00
# Visual Studio Version 17
VisualStudioVersion = 17.14.36717.8
MinimumVisualStudioVersion = 10.0.40219.1
Project("{8BC9CEB8-8B4A-11D0-8D11-00A0C91BC942}") = "HomeWork1", "HomeWork1\HomeWork1.vcxproj", "{1D8450C2-7B7A-4F7E-BD6F-FC5B1DCA9971}"
EndProject
Project("{8BC9CEB8-8B4A-11D0-8D11-00A0C91BC942}") = "HomeWork2", "HomeWork2\HomeWork2.vcxproj", "{837CA67D-7304-4D25-8DDC-46B15DB3A898}"
EndProject
Project("{8BC9CEB8-8B4A-11D0-8D11-00A0C91BC942}") = "HomeWork3", "HomeWork3\HomeWork3.vcxproj", "{7F829065-221F-4354-82A0-CC3A859139EE}"
EndProject
Project("{8BC9CEB8-8B4A-11D0-8D11-00A0C91BC942}") = "HomeWork4", "HomeWork4\HomeWork4.vcxproj", "{D85B2C33-BF5B-4F44-98F9-BEFBAEA309BF}"
EndProject
Project("{8BC9CEB8-8B4A-11D0-8D11-00A0C91BC942}") = "HomeWork5", "HomeWork5\HomeWork5.vcxproj", "{7B18209E-DC67-4963-A168-BF31F9099539}"
EndProject
Project("{8BC9CEB8-8B4A-11D0-8D11-00A0C91BC942}") = "HomeWork6", "HomeWork6\HomeWork6.vcxproj", "{94A30EBF-12F4-46DC-B005-4AD1B88A506A}"
EndProject
Project("{8BC9CEB8-8B4A-11D0-8D11-00A0C91BC942}") = "HomeWork7", "HomeWork7\HomeWork7.vcxproj", "{4722ECA7-5FE0-48F0-819C-0312F09343C5}"
EndProject
Project("{8BC9CEB8-8B4A-11D0-8D11-00A0C91BC942}") = "HomeWork8", "HomeWork8\HomeWork8.vcxproj", "{C2FAD733-DC9A-4182-80F4-9DDF28F4176C}"
EndProject
Project("{8BC9CEB8-8B4A-11D0-8D11-00A0C91BC942}") = "HomeWork9", "HomeWork9\HomeWork9.vcxproj", "{CC150C75-5B2F-43E9-ACF5-DB0C81A01A0C}"
EndProject
Project("{8BC9CEB8-8B4A-11D0-8D11-00A0C91BC942}") = "HomeWork10", "HomeWork10\HomeWork10.vcxproj", "{2EE6794D-CE5C-452D-B0CA-E8C0A5D8FA7B}"
EndProject
Project("{8BC9CEB8-8B4A-11D0-8D11-00A0C91BC942}") = "HomeWork11", "HomeWork11\HomeWork11.vcxproj", "{039DCE3C-130E-40CB-8C22-0314F0DC01D5}"
EndProject
Project("{8BC9CEB8-8B4A-11D0-8D11-00A0C91BC942}") = "HomeWork12", "HomeWork12\HomeWork12.vcxproj", "{7DCE8181-C60D-4022-91E5-8DD67A600F6E}"
EndProject
Project("{8BC9CEB8-8B4A-11D0-8D11-00A0C91BC942}") = "HomeWork13", "HomeWork13\HomeWork13.vcxproj", "{8E064D81-E626-45D7-9EF7-EA845AD7FCCE}"
EndProject
Project("{8BC9CEB8-8B4A-11D0-8D11-00A0C91BC942}") = "HomeWork14", "HomeWork14\HomeWork14.vcxproj", "{4490086B-EA53-4D03-BF1E-A0E81DF377B5}"
EndProject
Project("{8BC9CEB8-8B4A-11D0-8D11-00A0C91BC942}") = "HomeWork15", "HomeWork15\HomeWork15.vcxproj", "{807A9D14-90FA-48A4-93D4-75A5F59DD0AE}"
EndProject
Project("{8BC9CEB8-8B4A-11D0-8D11-00A0C91BC942}") = "HomeWork16", "HomeWork16\HomeWork16.vcxproj", "{76B4A939-BE59-473A-A71B-D0DF515DE08F}"
EndProject
Project("{8BC9CEB8-8B4A-11D0-8D11-00A0C91BC942}") = "HomeWork17", "HomeWork17\HomeWork17.vcxproj", "{F5F1E3E1-DAA3-4D8F-8E25-8149046691A6}"
EndProject
Project("{8BC9CEB8-8B4A-11D0-8D11-00A0C91BC942}") = "HomeWork18", "HomeWork18\HomeWork18.vcxproj", "{468EED6A-F9C5-4946-AB28-46862A4302B1}"
EndProject
Project("{8BC9CEB8-8B4A-11D0-8D11-00A0C91BC942}") = "HomeWork19", "HomeWork19\HomeWork19.vcxproj", "{926EE727-87ED-4154-BB0C-76632516C3F8}"
EndProject
Global
	GlobalSection(SolutionConfigurationPlatforms) = preSolution
		Debug|x64 = Debug|x64
		Debug|x86 = Debug|x86
		Release|x64 = Release|x64
		Release|x86 = Release|x86
	EndGlobalSection
	GlobalSection(ProjectConfigurationPlatforms) = postSolution
		{1D8450C2-7B7A-4F7E-BD6F-FC5B1DCA9971}.Debug|x64.ActiveCfg = Debug|x64
		{1D8450C2-7B7A-4F7E-BD6F-FC5B1DCA9971}.Debug|x64.Build.0 = Debug|x64
		{1D8450C2-7B7A-4F7E-BD6F-FC5B1DCA9971}.Debug|x86.ActiveCfg = Debug|Win32
		{1D8450C2-7B7A-4F7E-BD6F-FC5B1DCA9971}.Debug|x86.Build.0 = Debug|Win32
		{1D8450C2-7B7A-4F7E-BD6F-FC5B1DCA9971}.Release|x64.ActiveCfg = Release|x64
		{1D8450C2-7B7A-4F7E-BD6F-FC5B1DCA9971}.Release|x64.Build.0 = Release|x64
		{1D8450C2-7B7A-4F7E-BD6F-FC5B1DCA9971}.Release|x86.ActiveCfg = Release|Win32
		{1D8450C2-7B7A-4F7E-BD6F-FC5B1DCA9971}.Release|x86.Build.0 = Release|Win32
		{837CA67D-7304-4D25-8DDC-46B15DB3A898}.Debug|x64.ActiveCfg = Debug|x64
		{837CA67D-7304-4D25-8DDC-46B15DB3A898}.Debug|x64.Build.0 = Debug|x64
		{837CA67D-7304-4D25-8DDC-46B15DB3A898}.Debug|x86.ActiveCfg = Debug|Win32
		{837CA67D-7304-4D25-8DDC-46B15DB3A898}.Debug|x86.Build.0 = Debug|Win32
		{837CA67D-7304-4D25-8DDC-46B15DB3A898}.Release|x64.ActiveCfg = Release|x64
		{837CA67D-7304-4D25-8DDC-46B15DB3A898}.Release|x64.Build.0 = Release|x64
		{837CA67D-7304-4D25-8DDC-46B15DB3A898}.Release|x86.ActiveCfg = Release|Win32
		{837CA67D-7304-4D25-8DDC-46B15DB3A898}.Release|x86.Build.0 = Release|Win32
		{7F829065-221F-4354-82A0-CC3A859139EE}.Debug|x64.ActiveCfg = Debug|x64
		{7F829065-221F-4354-82A0-CC3A859139EE}.Debug|x64.Build.0 = Debug|x64
		{7F829065-221F-4354-82A0-CC3A859139EE}.Debug|x86.ActiveCfg = Debug|Win32
		{7F829065-221F-4354-82A0-CC3A859139EE}.Debug|x86.Build.0 = Debug|Win32
		{7F829065-221F-4354-82A0-CC3A859139EE}.Release|x64.ActiveCfg = Release|x64
		{7F829065-221F-4354-82A0-CC3A859139EE}.Release|x64.Build.0 = Release|x64
		{7F829065-221F-4354-82A0-CC3A859139EE}.Release|x86.ActiveCfg = Release|Win32
		{7F829065-221F-4354-82A0-CC3A859139EE}.Release|x86.Build.0 = Release|Win32
		{D85B2C33-BF5B-4F44-98F9-BEFBAEA309BF}.Debug|x64.ActiveCfg = Debug|x64
		{D85B2C33-BF5B-4F44-98F9-BEFBAEA309BF}.Debug|x64.Build.0 = Debug|x64
		{D85B2C33-BF5B-4F44-98F9-BEFBAEA309BF}.Debug|x86.ActiveCfg = Debug|Win32
		{D85B2C33-BF5B-4F44-98F9-BEFBAEA309BF}.Debug|x86.Build.0 = Debug|Win32
		{D85B2C33-BF5B-4F44-98F9-BEFBAEA309BF}.Release|x64.ActiveCfg = Release|x64
		{D85B2C33-BF5B-4F44-98F9-BEFBAEA309BF}.Release|x64.Build.0 = Release|x64
		{D85B2C33-BF5B-4F44-98F9-BEFBAEA309BF}.Release|x86.ActiveCfg = Release|Win32
		{D85B2C33-BF5B-4F44-98F9-BEFBAEA309BF}.Release|x86.Build.0 = Release|Win32
		{7B18209E-DC67-4963-A168-BF31F9099539}.Debug|x64.ActiveCfg = Debug|x64
		{7B18209E-DC67-4963-A168-BF31F9099539}.Debug|x64.Build.0 = Debug|x64
		{7B18209E-DC67-4963-A168-BF31F9099539}.Debug|x86.ActiveCfg = Debug|Win32
		{7B18209E-DC67-4963-A168-BF31F9099539}.Debug|x86.Build.0 = Debug|Win32
		{7B18209E-DC67-4963-A168-BF31F9099539}.Release|x64.ActiveCfg = Release|x64
		{7B18209E-DC67-4963-A168-BF31F9099539}.Release|x64.Build.0 = Release|x64
		{7B18209E-DC67-4963-A168-BF31F9099539}.Release|x86.ActiveCfg = Release|Win32
		{7B18209E-DC67-4963-A168-BF31F9099539}.Release|x86.Build.0 = Release|Win32
		{94A30EBF-12F4-46DC-B005-4AD1B88A506A}.Debug|x64.ActiveCfg = Debug|x64
		{94A30EBF-12F4-46DC-B005-4AD1B88A506A}.Debug|x64.Build.0 = Debug|x64
		{94A30EBF-12F4-46DC-B005-4AD1B88A506A}.Debug|x86.ActiveCfg = Debug|Win32
		{94A30EBF-12F4-46DC-B005-4AD1B88A506A}.Debug|x86.Build.0 = Debug|Win32
		{94A30EBF-12F4-46DC-B005-4AD1B88A506A}.Release|x64.ActiveCfg = Release|x64
		{94A30EBF-12F4-46DC-B005-4AD1B88A506A}.Release|x64.Build.0 = Release|x64
		{94A30EBF-12F4-46DC-B005-4AD1B88A506A}.Release|x86.ActiveCfg = Release|Win32
		{94A30EBF-12F4-46DC-B005-4AD1B88A506A}.Release|x86.Build.0 = Release|Win32
		{4722ECA7-5FE0-48F0-819C-0312F09343C5}.Debug|x64.ActiveCfg = Debug|x64
		{4722ECA7-5FE0-48F0-819C-0312F09343C5}.Debug|x64.Build.0 = Debug|x64
		{4722ECA7-5FE0-48F0-819C-0312F09343C5}.Debug|x86.ActiveCfg = Debug|Win32
		{4722ECA7-5FE0-48F0-819C-0312F09343C5}.Debug|x86.Build.0 = Debug|Win32
		{4722ECA7-5FE0-48F0-819C-0312F09343C5}.Release|x64.ActiveCfg = Release|x64
		{4722ECA7-5FE0-48F0-819C-0312F09343C5}.Release|x64.Build.0 = Release|x64
		{4722ECA7-5FE0-48F0-819C-0312F09343C5}.Release|x86.ActiveCfg = Release|Win32
		{4722ECA7-5FE0-48F0-819C-0312F09343C5}.Release|x86.Build.0 = Release|Win32
		{C2FAD733-DC9A-4182-80F4-9DDF28F4176C}.Debug|x64.ActiveCfg = Debug|x64
		{C2FAD733-DC9A-4182-80F4-9DDF28F4176C}.Debug|x64.Build.0 = Debug|x64
		{C2FAD733-DC9A-4182-80F4-9DDF28F4176C}.Debug|x86.ActiveCfg = Debug|Win32
		{C2FAD733-DC9A-4182-80F4-9DDF28F4176C}.Debug|x86.Build.0 = Debug|Win32
		{C2FAD733-DC9A-4182-80F4-9DDF28F4176C}.Release|x64.ActiveCfg = Release|x64
		{C2FAD733-DC9A-4182-80F4-9DDF28F4176C}.Release|x64.Build.0 = Release|x64
		{C2FAD733-DC9A-4182-80F4-9DDF28F4176C}.Release|x86.ActiveCfg = Release|Win32
		{C2FAD733-DC9A-4182-80F4-9DDF28F4176C}.Release|x86.Build.0 = Release|Win32
		{CC150C75-5B2F-43E9-ACF5-DB0C81A01A0C}.Debug|x64.ActiveCfg = Debug|x64
		{CC150C75-5B2F-43E9-ACF5-DB0C81A01A0C}.Debug|x64.Build.0 = Debug|x64
		{CC150C75-5B2F-43E9-ACF5-DB0C81A01A0C}.Debug|x86.ActiveCfg = Debug|Win32
		{CC150C75-5B2F-43E9-ACF5-DB0C81A01A0C}.Debug|x86.Build.0 = Debug|Win32
		{CC150C75-5B2F-43E9-ACF5-DB0C81A01A0C}.Release|x64.ActiveCfg = Release|x64
		{CC150C75-5B2F-43E9-ACF5-DB0C81A01A0C}.Release|x64.Build.0 = Release|x64
		{CC150C75-5B2F-43E9-ACF5-DB0C81A01A0C}.Release|x86.ActiveCfg = Release|Win32
		{CC150C75-5B2F-43E9-ACF5-DB0C81A01A0C}.Release|x86.Build.0 = Release|Win32
		{2EE6794D-CE5C-452D-B0CA-E8C0A5D8FA7B}.Debug|x64.ActiveCfg = Debug|x64
		{2EE6794D-CE5C-452D-B0CA-E8C0A5D8FA7B}.Debug|x64.Build.0 = Debug|x64
		{2EE6794D-CE5C-452D-B0CA-E8C0A5D8FA7B}.Debug|x86.ActiveCfg = Debug|Win32
		{2EE6794D-CE5C-452D-B0CA-E8C0A5D8FA7B}.Debug|x86.Build.0 = Debug|Win32
		{2EE6794D-CE5C-452D-B0CA-E8C0A5D8FA7B}.Release|x64.ActiveCfg = Release|x64
		{2EE6794D-CE5C-452D-B0CA-E8C0A5D8FA7B}.Release|x64.Build.0 = Release|x64
		{2EE6794D-CE5C-452D-B0CA-E8C0A5D8FA7B}.Release|x86.ActiveCfg = Release|Win32
		{2EE6794D-CE5C-452D-B0CA-E8C0A5D8FA7B}.Release|x86.Build.0 = Release|Win32
		{039DCE3C-130E-40CB-8C22-0314F0DC01D5}.Debug|x64.ActiveCfg = Debug|x64
		{039DCE3C-130E-40CB-8C22-0314F0DC01D5}.Debug|x64.Build.0 = Debug|x64
		{039DCE3C-130E-40CB-8C22-0314F0DC01D5}.Debug|x86.ActiveCfg = Debug|Win32
		{039DCE3C-130E-40CB-8C22-0314F0DC01D5}.Debug|x86.Build.0 = Debug|Win32
		{039DCE3C-130E-40CB-8C22-0314F0DC01D5}.Release|x64.ActiveCfg = Release|x64
		{039DCE3C-130E-40CB-8C22-0314F0DC01D5}.Release|x64.Build.0 = Release|x64
		{039DCE3C-130E-40CB-8C22-0314F0DC01D5}.Release|x86.ActiveCfg = Release|Win32
		{039DCE3C-130E-40CB-8C22-0314F0DC01D5}.Release|x86.Build.0 = Release|Win32
		{7DCE8181-C60D-4022-91E5-8DD67A600F6E}.Debug|x64.ActiveCfg = Debug|x64
		{7DCE8181-C60D-4022-91E5-8DD67A600F6E}.Debug|x64.Build.0 = Debug|x64
		{7DCE8181-C60D-4022-91E5-8DD67A600F6E}.Debug|x86.ActiveCfg = Debug|Win32
		{7DCE8181-C60D-4022-91E5-8DD67A600F6E}.Debug|x86.Build.0 = Debug|Win32
		{7DCE8181-C60D-4022-91E5-8DD67A600F6E}.Release|x64.ActiveCfg = Release|x64
		{7DCE8181-C60D-4022-91E5-8DD67A600F6E}.Release|x64.Build.0 = Release|x64
		{7DCE8181-C60D-4022-91E5-8DD67A600F6E}.Release|x86.ActiveCfg = Release|Win32
		{7DCE8181-C60D-4022-91E5-8DD67A600F6E}.Release|x86.Build.0 = Release|Win32
		{8E064D81-E626-45D7-9EF7-EA845AD7FCCE}.Debug|x64.ActiveCfg = Debug|x64
		{8E064D81-E626-45D7-9EF7-EA845AD7FCCE}.Debug|x64.Build.0 = Debug|x64
		{8E064D81-E626-45D7-9EF7-EA845AD7FCCE}.Debug|x86.ActiveCfg = Debug|Win32
		{8E064D81-E626-45D7-9EF7-EA845AD7FCCE}.Debug|x86.Build.0 = Debug|Win32
		{8E064D81-E626-45D7-9EF7-EA845AD7FCCE}.Release|x64.ActiveCfg = Release|x64
		{8E064D81-E626-45D7-9EF7-EA845AD7FCCE}.Release|x64.Build.0 = Release|x64
		{8E064D81-E626-45D7-9EF7-EA845AD7FCCE}.Release|x86.ActiveCfg = Release|Win32
		{8E064D81-E626-45D7-9EF7-EA845AD7FCCE}.Release|x86.Build.0 = Release|Win32
		{4490086B-EA53-4D03-BF1E-A0E81DF377B5}.Debug|x64.ActiveCfg = Debug|x64
		{4490086B-EA53-4D03-BF1E-A0E81DF377B5}.Debug|x64.Build.0 = Debug|x64
		{4490086B-EA53-4D03-BF1E-A0E81DF377B5}.Debug|x86.ActiveCfg = Debug|Win32
		{4490086B-EA53-4D03-BF1E-A0E81DF377B5}.Debug|x86.Build.0 = Debug|Win32
		{4490086B-EA53-4D03-BF1E-A0E81DF377B5}.Release|x64.ActiveCfg = Release|x64
		{4490086B-EA53-4D03-BF1E-A0E81DF377B5}.Release|x64.Build.0 = Release|x64
		{4490086B-EA53-4D03-BF1E-A0E81DF377B5}.Release|x86.ActiveCfg = Release|Win32
		{4490086B-EA53-4D03-BF1E-A0E81DF377B5}.Release|x86.Build.0 = Release|Win32
		{807A9D14-90FA-48A4-93D4-75A5F59DD0AE}.Debug|x64.ActiveCfg = Debug|x64
		{807A9D14-90FA-48A4-93D4-75A5F59DD0AE}.Debug|x64.Build.0 = Debug|x64
		{807A9D14-90FA-48A4-93D4-75A5F59DD0AE}.Debug|x86.ActiveCfg = Debug|Win32
		{807A9D14-90FA-48A4-93D4-75A5F59DD0AE}.Debug|x86.Build.0 = Debug|Win32
		{807A9D14-90FA-48A4-93D4-75A5F59DD0AE}.Release|x64.ActiveCfg = Release|x64
		{807A9D14-90FA-48A4-93D4-75A5F59DD0AE}.Release|x64.Build.0 = Release|x64
		{807A9D14-90FA-48A4-93D4-75A5F59DD0AE}.Release|x86.ActiveCfg = Release|Win32
		{807A9D14-90FA-48A4-93D4-75A5F59DD0AE}.Release|x86.Build.0 = Release|Win32
		{76B4A939-BE59-473A-A71B-D0DF515DE08F}.Debug|x64.ActiveCfg = Debug|x64
		{76B4A939-BE59-473A-A71B-D0DF515DE08F}.Debug|x64.Build.0 = Debug|x64
		{76B4A939-BE59-473A-A71B-D0DF515DE08F}.Debug|x86.ActiveCfg = Debug|Win32
		{76B4A939-BE59-473A-A71B-D0DF515DE08F}.Debug|x86.Build.0 = Debug|Win32
		{76B4A939-BE59-473A-A71B-D0DF515DE08F}.Release|x64.ActiveCfg = Release|x64
		{76B4A939-BE59-473A-A71B-D0DF515DE08F}.Release|x64.Build.0 = Release|x64
		{76B4A939-BE59-473A-A71B-D0DF515DE08F}.Release|x86.ActiveCfg = Release|Win32
		{76B4A939-BE59-473A-A71B-D0DF515DE08F}.Release|x86.Build.0 = Release|Win32
		{F5F1E3E1-DAA3-4D8F-8E25-8149046691A6}.Debug|x64.ActiveCfg = Debug|x64
		{F5F1E3E1-DAA3-4D8F-8E25-8149046691A6}.Debug|x64.Build.0 = Debug|x64
		{F5F1E3E1-DAA3-4D8F-8E25-8149046691A6}.Debug|x86.ActiveCfg = Debug|Win32
		{F5F1E3E1-DAA3-4D8F-8E25-8149046691A6}.Debug|x86.Build.0 = Debug|Win32
		{F5F1E3E1-DAA3-4D8F-8E25-8149046691A6}.Release|x64.ActiveCfg = Release|x64
		{F5F1E3E1-DAA3-4D8F-8E25-8149046691A6}.Release|x64.Build.0 = Release|x64
		{F5F1E3E1-DAA3-4D8F-8E25-8149046691A6}.Release|x86.ActiveCfg = Release|Win32
		{F5F1E3E1-DAA3-4D8F-8E25-8149046691A6}.Release|x86.Build.0 = Release|Win32
		{468EED6A-F9C5-4946-AB28-46862A4302B1}.Debug|x64.ActiveCfg = Debug|x64
		{468EED6A-F9C5-4946-AB28-46862A4302B1}.Debug|x64.Build.0 = Debug|x64
		{468EED6A-F9C5-4946-AB28-46862A4302B1}.Debug|x86.ActiveCfg = Debug|Win32
		{468EED6A-F9C5-4946-AB28-46862A4302B1}.Debug|x86.Build.0 = Debug|Win32
		{468EED6A-F9C5-4946-AB28-46862A4302B1}.Release|x64.ActiveCfg = Release|x64
		{468EED6A-F9C5-4946-AB28-46862A4302B1}.Release|x64.Build.0 = Release|x64
		{468EED6A-F9C5-4946-AB28-46862A4302B1}.Release|x86.ActiveCfg = Release|Win32
		{468EED6A-F9C5-4946-AB28-46862A4302B1}.Release|x86.Build.0 = Release|Win32
		{926EE727-87ED-4154-BB0C-76632516C3F8}.Debug|x64.ActiveCfg = Debug|x64
		{926EE727-87ED-4154-BB0C-76632516C3F8}.Debug|x64.Build.0 = Debug|x64
		{926EE727-87ED-4154-BB0C-76632516C3F8}.Debug|x86.ActiveCfg = Debug|Win32
		{926EE727-87ED-4154-BB0C-76632516C3F8}.Debug|x86.Build.0 = Debug|Win32
		{926EE727-87ED-4154-BB0C-76632516C3F8}.Release|x64.ActiveCfg = Release|x64
		{926EE727-87ED-4154-BB0C-76632516C3F8}.Release|x64.Build.0 = Release|x64
		{926EE727-87ED-4154-BB0C-76632516C3F8}.Release|x86.ActiveCfg = Release|Win32
		{926EE727-87ED-4154-BB0C-76632516C3F8}.Release|x86.Build.0 = Release|Win32
	EndGlobalSection
	GlobalSection(SolutionProperties) = preSolution
		HideSolutionNode = FALSE
	EndGlobalSection
	GlobalSection(ExtensibilityGlobals) = postSolution
		SolutionGuid = {908124BF-64B9-457F-AB78-EB55E3E83312}
	EndGlobalSection
EndGlobal
